// !$*UTF8*$!
{
	archiveVersion = 1;
	classes = {
	};
	objectVersion = 46;
	objects = {

/* Begin PBXBuildFile section */
		61450A7D1E7155070020AE85 /* PersonValidations.swift in Sources */ = {isa = PBXBuildFile; fileRef = 61450A7C1E7155070020AE85 /* PersonValidations.swift */; };
		61450A801E7163130020AE85 /* ErrorHandling.swift in Sources */ = {isa = PBXBuildFile; fileRef = 61450A7F1E7163130020AE85 /* ErrorHandling.swift */; };
		61450A821E716A9D0020AE85 /* TableViewDataManager.swift in Sources */ = {isa = PBXBuildFile; fileRef = 61450A811E716A9D0020AE85 /* TableViewDataManager.swift */; };
		61919A771E7072AE00705C6E /* AppDelegate.swift in Sources */ = {isa = PBXBuildFile; fileRef = 61919A761E7072AE00705C6E /* AppDelegate.swift */; };
		61919A791E7072AE00705C6E /* ViewController.swift in Sources */ = {isa = PBXBuildFile; fileRef = 61919A781E7072AE00705C6E /* ViewController.swift */; };
		61919A7C1E7072AE00705C6E /* Main.storyboard in Resources */ = {isa = PBXBuildFile; fileRef = 61919A7A1E7072AE00705C6E /* Main.storyboard */; };
		61919A7E1E7072AE00705C6E /* Assets.xcassets in Resources */ = {isa = PBXBuildFile; fileRef = 61919A7D1E7072AE00705C6E /* Assets.xcassets */; };
		61919A811E7072AE00705C6E /* LaunchScreen.storyboard in Resources */ = {isa = PBXBuildFile; fileRef = 61919A7F1E7072AE00705C6E /* LaunchScreen.storyboard */; };
		61919A8F1E70732A00705C6E /* Person.swift in Sources */ = {isa = PBXBuildFile; fileRef = 61919A8E1E70732A00705C6E /* Person.swift */; };
		61919A911E7073D700705C6E /* DataBaseManager.swift in Sources */ = {isa = PBXBuildFile; fileRef = 61919A901E7073D700705C6E /* DataBaseManager.swift */; };
		61919A941E7076AE00705C6E /* RealmSwift.framework in Frameworks */ = {isa = PBXBuildFile; fileRef = 61919A921E7076AE00705C6E /* RealmSwift.framework */; };
		61919A951E7076AE00705C6E /* RealmSwift.framework in Embed Frameworks */ = {isa = PBXBuildFile; fileRef = 61919A921E7076AE00705C6E /* RealmSwift.framework */; settings = {ATTRIBUTES = (CodeSignOnCopy, RemoveHeadersOnCopy, ); }; };
		61919A961E7076AE00705C6E /* Realm.framework in Frameworks */ = {isa = PBXBuildFile; fileRef = 61919A931E7076AE00705C6E /* Realm.framework */; };
		61919A971E7076AE00705C6E /* Realm.framework in Embed Frameworks */ = {isa = PBXBuildFile; fileRef = 61919A931E7076AE00705C6E /* Realm.framework */; settings = {ATTRIBUTES = (CodeSignOnCopy, RemoveHeadersOnCopy, ); }; };
/* End PBXBuildFile section */

/* Begin PBXCopyFilesBuildPhase section */
		61919A981E7076AE00705C6E /* Embed Frameworks */ = {
			isa = PBXCopyFilesBuildPhase;
			buildActionMask = 2147483647;
			dstPath = "";
			dstSubfolderSpec = 10;
			files = (
				61919A971E7076AE00705C6E /* Realm.framework in Embed Frameworks */,
				61919A951E7076AE00705C6E /* RealmSwift.framework in Embed Frameworks */,
			);
			name = "Embed Frameworks";
			runOnlyForDeploymentPostprocessing = 0;
		};
/* End PBXCopyFilesBuildPhase section */

/* Begin PBXFileReference section */
		61450A7C1E7155070020AE85 /* PersonValidations.swift */ = {isa = PBXFileReference; fileEncoding = 4; lastKnownFileType = sourcecode.swift; path = PersonValidations.swift; sourceTree = "<group>"; };
		61450A7F1E7163130020AE85 /* ErrorHandling.swift */ = {isa = PBXFileReference; fileEncoding = 4; lastKnownFileType = sourcecode.swift; path = ErrorHandling.swift; sourceTree = "<group>"; };
		61450A811E716A9D0020AE85 /* TableViewDataManager.swift */ = {isa = PBXFileReference; fileEncoding = 4; lastKnownFileType = sourcecode.swift; path = TableViewDataManager.swift; sourceTree = "<group>"; };
		61919A731E7072AE00705C6E /* RealmDB.app */ = {isa = PBXFileReference; explicitFileType = wrapper.application; includeInIndex = 0; path = RealmDB.app; sourceTree = BUILT_PRODUCTS_DIR; };
		61919A761E7072AE00705C6E /* AppDelegate.swift */ = {isa = PBXFileReference; lastKnownFileType = sourcecode.swift; path = AppDelegate.swift; sourceTree = "<group>"; };
		61919A781E7072AE00705C6E /* ViewController.swift */ = {isa = PBXFileReference; lastKnownFileType = sourcecode.swift; path = ViewController.swift; sourceTree = "<group>"; };
		61919A7B1E7072AE00705C6E /* Base */ = {isa = PBXFileReference; lastKnownFileType = file.storyboard; name = Base; path = Base.lproj/Main.storyboard; sourceTree = "<group>"; };
		61919A7D1E7072AE00705C6E /* Assets.xcassets */ = {isa = PBXFileReference; lastKnownFileType = folder.assetcatalog; path = Assets.xcassets; sourceTree = "<group>"; };
		61919A801E7072AE00705C6E /* Base */ = {isa = PBXFileReference; lastKnownFileType = file.storyboard; name = Base; path = Base.lproj/LaunchScreen.storyboard; sourceTree = "<group>"; };
		61919A821E7072AE00705C6E /* Info.plist */ = {isa = PBXFileReference; lastKnownFileType = text.plist.xml; path = Info.plist; sourceTree = "<group>"; };
		61919A8E1E70732A00705C6E /* Person.swift */ = {isa = PBXFileReference; fileEncoding = 4; lastKnownFileType = sourcecode.swift; path = Person.swift; sourceTree = "<group>"; };
		61919A901E7073D700705C6E /* DataBaseManager.swift */ = {isa = PBXFileReference; fileEncoding = 4; lastKnownFileType = sourcecode.swift; path = DataBaseManager.swift; sourceTree = "<group>"; };
		61919A921E7076AE00705C6E /* RealmSwift.framework */ = {isa = PBXFileReference; lastKnownFileType = wrapper.framework; path = RealmSwift.framework; sourceTree = "<group>"; };
		61919A931E7076AE00705C6E /* Realm.framework */ = {isa = PBXFileReference; lastKnownFileType = wrapper.framework; path = Realm.framework; sourceTree = "<group>"; };
/* End PBXFileReference section */

/* Begin PBXFrameworksBuildPhase section */
		61919A701E7072AE00705C6E /* Frameworks */ = {
			isa = PBXFrameworksBuildPhase;
			buildActionMask = 2147483647;
			files = (
				61919A961E7076AE00705C6E /* Realm.framework in Frameworks */,
				61919A941E7076AE00705C6E /* RealmSwift.framework in Frameworks */,
			);
			runOnlyForDeploymentPostprocessing = 0;
		};
/* End PBXFrameworksBuildPhase section */

/* Begin PBXGroup section */
		61450A7E1E715F570020AE85 /* InputValidations */ = {
			isa = PBXGroup;
			children = (
			);
			name = InputValidations;
			sourceTree = "<group>";
		};
		61919A6A1E7072AE00705C6E = {
			isa = PBXGroup;
			children = (
				61919A921E7076AE00705C6E /* RealmSwift.framework */,
				61919A931E7076AE00705C6E /* Realm.framework */,
				61919A751E7072AE00705C6E /* RealDB */,
				61919A741E7072AE00705C6E /* Products */,
			);
			sourceTree = "<group>";
		};
		61919A741E7072AE00705C6E /* Products */ = {
			isa = PBXGroup;
			children = (
				61919A731E7072AE00705C6E /* RealmDB.app */,
			);
			name = Products;
			sourceTree = "<group>";
		};
		61919A751E7072AE00705C6E /* RealDB */ = {
			isa = PBXGroup;
			children = (
				61919A8C1E7072D100705C6E /* Models */,
				61919A8B1E7072B900705C6E /* Views */,
				61919A8A1E7072B700705C6E /* Controllers */,
				61919A891E7072B600705C6E /* Utils */,
				61919A881E7072B400705C6E /* Stores */,
				61919A8D1E70730000705C6E /* Assets */,
				61919A761E7072AE00705C6E /* AppDelegate.swift */,
				61919A7F1E7072AE00705C6E /* LaunchScreen.storyboard */,
				61919A821E7072AE00705C6E /* Info.plist */,
			);
			path = RealDB;
			sourceTree = "<group>";
		};
		61919A881E7072B400705C6E /* Stores */ = {
			isa = PBXGroup;
			children = (
				61919A901E7073D700705C6E /* DataBaseManager.swift */,
			);
			name = Stores;
			sourceTree = "<group>";
		};
		61919A891E7072B600705C6E /* Utils */ = {
			isa = PBXGroup;
			children = (
				61450A7E1E715F570020AE85 /* InputValidations */,
				61450A7C1E7155070020AE85 /* PersonValidations.swift */,
				61450A7F1E7163130020AE85 /* ErrorHandling.swift */,
				61450A811E716A9D0020AE85 /* TableViewDataManager.swift */,
			);
			name = Utils;
			sourceTree = "<group>";
		};
		61919A8A1E7072B700705C6E /* Controllers */ = {
			isa = PBXGroup;
			children = (
				61919A781E7072AE00705C6E /* ViewController.swift */,
			);
			name = Controllers;
			sourceTree = "<group>";
		};
		61919A8B1E7072B900705C6E /* Views */ = {
			isa = PBXGroup;
			children = (
				61919A7A1E7072AE00705C6E /* Main.storyboard */,
			);
			name = Views;
			sourceTree = "<group>";
		};
		61919A8C1E7072D100705C6E /* Models */ = {
			isa = PBXGroup;
			children = (
				61919A8E1E70732A00705C6E /* Person.swift */,
			);
			name = Models;
			sourceTree = "<group>";
		};
		61919A8D1E70730000705C6E /* Assets */ = {
			isa = PBXGroup;
			children = (
				61919A7D1E7072AE00705C6E /* Assets.xcassets */,
			);
			name = Assets;
			sourceTree = "<group>";
		};
/* End PBXGroup section */

/* Begin PBXNativeTarget section */
		61919A721E7072AE00705C6E /* RealmDB */ = {
			isa = PBXNativeTarget;
			buildConfigurationList = 61919A851E7072AE00705C6E /* Build configuration list for PBXNativeTarget "RealmDB" */;
			buildPhases = (
				61919A6F1E7072AE00705C6E /* Sources */,
				61919A701E7072AE00705C6E /* Frameworks */,
				61919A711E7072AE00705C6E /* Resources */,
				61919A981E7076AE00705C6E /* Embed Frameworks */,
				61919A991E70784F00705C6E /* ShellScript */,
			);
			buildRules = (
			);
			dependencies = (
			);
			name = RealmDB;
			productName = RealDB;
			productReference = 61919A731E7072AE00705C6E /* RealmDB.app */;
			productType = "com.apple.product-type.application";
		};
/* End PBXNativeTarget section */

/* Begin PBXProject section */
		61919A6B1E7072AE00705C6E /* Project object */ = {
			isa = PBXProject;
			attributes = {
				LastSwiftUpdateCheck = 0820;
				LastUpgradeCheck = 0820;
				ORGANIZATIONNAME = "Manuel Mouta";
				TargetAttributes = {
					61919A721E7072AE00705C6E = {
						CreatedOnToolsVersion = 8.2.1;
						ProvisioningStyle = Automatic;
					};
				};
			};
			buildConfigurationList = 61919A6E1E7072AE00705C6E /* Build configuration list for PBXProject "RealmDB" */;
			compatibilityVersion = "Xcode 3.2";
			developmentRegion = English;
			hasScannedForEncodings = 0;
			knownRegions = (
				en,
				Base,
			);
			mainGroup = 61919A6A1E7072AE00705C6E;
			productRefGroup = 61919A741E7072AE00705C6E /* Products */;
			projectDirPath = "";
			projectRoot = "";
			targets = (
				61919A721E7072AE00705C6E /* RealmDB */,
			);
		};
/* End PBXProject section */

/* Begin PBXResourcesBuildPhase section */
		61919A711E7072AE00705C6E /* Resources */ = {
			isa = PBXResourcesBuildPhase;
			buildActionMask = 2147483647;
			files = (
				61919A811E7072AE00705C6E /* LaunchScreen.storyboard in Resources */,
				61919A7E1E7072AE00705C6E /* Assets.xcassets in Resources */,
				61919A7C1E7072AE00705C6E /* Main.storyboard in Resources */,
			);
			runOnlyForDeploymentPostprocessing = 0;
		};
/* End PBXResourcesBuildPhase section */

/* Begin PBXShellScriptBuildPhase section */
		61919A991E70784F00705C6E /* ShellScript */ = {
			isa = PBXShellScriptBuildPhase;
			buildActionMask = 2147483647;
			files = (
			);
			inputPaths = (
			);
			outputPaths = (
			);
			runOnlyForDeploymentPostprocessing = 0;
			shellPath = /bin/sh;
			shellScript = "bash \"${BUILT_PRODUCTS_DIR}/${FRAMEWORKS_FOLDER_PATH}/Realm.framework/strip-frameworks.sh\"\n";
		};
/* End PBXShellScriptBuildPhase section */

/* Begin PBXSourcesBuildPhase section */
		61919A6F1E7072AE00705C6E /* Sources */ = {
			isa = PBXSourcesBuildPhase;
			buildActionMask = 2147483647;
			files = (
				61919A911E7073D700705C6E /* DataBaseManager.swift in Sources */,
				61919A8F1E70732A00705C6E /* Person.swift in Sources */,
				61450A821E716A9D0020AE85 /* TableViewDataManager.swift in Sources */,
				61450A7D1E7155070020AE85 /* PersonValidations.swift in Sources */,
				61450A801E7163130020AE85 /* ErrorHandling.swift in Sources */,
				61919A791E7072AE00705C6E /* ViewController.swift in Sources */,
				61919A771E7072AE00705C6E /* AppDelegate.swift in Sources */,
			);
			runOnlyForDeploymentPostprocessing = 0;
		};
/* End PBXSourcesBuildPhase section */

/* Begin PBXVariantGroup section */
		61919A7A1E7072AE00705C6E /* Main.storyboard */ = {
			isa = PBXVariantGroup;
			children = (
				61919A7B1E7072AE00705C6E /* Base */,
			);
			name = Main.storyboard;
			sourceTree = "<group>";
		};
		61919A7F1E7072AE00705C6E /* LaunchScreen.storyboard */ = {
			isa = PBXVariantGroup;
			children = (
				61919A801E7072AE00705C6E /* Base */,
			);
			name = LaunchScreen.storyboard;
			sourceTree = "<group>";
		};
/* End PBXVariantGroup section */

/* Begin XCBuildConfiguration section */
		61919A831E7072AE00705C6E /* Debug */ = {
			isa = XCBuildConfiguration;
			buildSettings = {
				ALWAYS_SEARCH_USER_PATHS = NO;
				CLANG_ANALYZER_NONNULL = YES;
				CLANG_CXX_LANGUAGE_STANDARD = "gnu++0x";
				CLANG_CXX_LIBRARY = "libc++";
				CLANG_ENABLE_MODULES = YES;
				CLANG_ENABLE_OBJC_ARC = YES;
				CLANG_WARN_BOOL_CONVERSION = YES;
				CLANG_WARN_CONSTANT_CONVERSION = YES;
				CLANG_WARN_DIRECT_OBJC_ISA_USAGE = YES_ERROR;
				CLANG_WARN_DOCUMENTATION_COMMENTS = YES;
				CLANG_WARN_EMPTY_BODY = YES;
				CLANG_WARN_ENUM_CONVERSION = YES;
				CLANG_WARN_INFINITE_RECURSION = YES;
				CLANG_WARN_INT_CONVERSION = YES;
				CLANG_WARN_OBJC_ROOT_CLASS = YES_ERROR;
				CLANG_WARN_SUSPICIOUS_MOVE = YES;
				CLANG_WARN_UNREACHABLE_CODE = YES;
				CLANG_WARN__DUPLICATE_METHOD_MATCH = YES;
				"CODE_SIGN_IDENTITY[sdk=iphoneos*]" = "iPhone Developer";
				COPY_PHASE_STRIP = NO;
				DEBUG_INFORMATION_FORMAT = dwarf;
				ENABLE_STRICT_OBJC_MSGSEND = YES;
				ENABLE_TESTABILITY = YES;
				GCC_C_LANGUAGE_STANDARD = gnu99;
				GCC_DYNAMIC_NO_PIC = NO;
				GCC_NO_COMMON_BLOCKS = YES;
				GCC_OPTIMIZATION_LEVEL = 0;
				GCC_PREPROCESSOR_DEFINITIONS = (
					"DEBUG=1",
					"$(inherited)",
				);
				GCC_WARN_64_TO_32_BIT_CONVERSION = YES;
				GCC_WARN_ABOUT_RETURN_TYPE = YES_ERROR;
				GCC_WARN_UNDECLARED_SELECTOR = YES;
				GCC_WARN_UNINITIALIZED_AUTOS = YES_AGGRESSIVE;
				GCC_WARN_UNUSED_FUNCTION = YES;
				GCC_WARN_UNUSED_VARIABLE = YES;
				IPHONEOS_DEPLOYMENT_TARGET = 10.2;
				MTL_ENABLE_DEBUG_INFO = YES;
				ONLY_ACTIVE_ARCH = YES;
				SDKROOT = iphoneos;
				SWIFT_ACTIVE_COMPILATION_CONDITIONS = DEBUG;
				SWIFT_OPTIMIZATION_LEVEL = "-Onone";
			};
			name = Debug;
		};
		61919A841E7072AE00705C6E /* Release */ = {
			isa = XCBuildConfiguration;
			buildSettings = {
				ALWAYS_SEARCH_USER_PATHS = NO;
				CLANG_ANALYZER_NONNULL = YES;
				CLANG_CXX_LANGUAGE_STANDARD = "gnu++0x";
				CLANG_CXX_LIBRARY = "libc++";
				CLANG_ENABLE_MODULES = YES;
				CLANG_ENABLE_OBJC_ARC = YES;
				CLANG_WARN_BOOL_CONVERSION = YES;
				CLANG_WARN_CONSTANT_CONVERSION = YES;
				CLANG_WARN_DIRECT_OBJC_ISA_USAGE = YES_ERROR;
				CLANG_WARN_DOCUMENTATION_COMMENTS = YES;
				CLANG_WARN_EMPTY_BODY = YES;
				CLANG_WARN_ENUM_CONVERSION = YES;
				CLANG_WARN_INFINITE_RECURSION = YES;
				CLANG_WARN_INT_CONVERSION = YES;
				CLANG_WARN_OBJC_ROOT_CLASS = YES_ERROR;
				CLANG_WARN_SUSPICIOUS_MOVE = YES;
				CLANG_WARN_UNREACHABLE_CODE = YES;
				CLANG_WARN__DUPLICATE_METHOD_MATCH = YES;
				"CODE_SIGN_IDENTITY[sdk=iphoneos*]" = "iPhone Developer";
				COPY_PHASE_STRIP = NO;
				DEBUG_INFORMATION_FORMAT = "dwarf-with-dsym";
				ENABLE_NS_ASSERTIONS = NO;
				ENABLE_STRICT_OBJC_MSGSEND = YES;
				GCC_C_LANGUAGE_STANDARD = gnu99;
				GCC_NO_COMMON_BLOCKS = YES;
				GCC_WARN_64_TO_32_BIT_CONVERSION = YES;
				GCC_WARN_ABOUT_RETURN_TYPE = YES_ERROR;
				GCC_WARN_UNDECLARED_SELECTOR = YES;
				GCC_WARN_UNINITIALIZED_AUTOS = YES_AGGRESSIVE;
				GCC_WARN_UNUSED_FUNCTION = YES;
				GCC_WARN_UNUSED_VARIABLE = YES;
				IPHONEOS_DEPLOYMENT_TARGET = 10.2;
				MTL_ENABLE_DEBUG_INFO = NO;
				SDKROOT = iphoneos;
				SWIFT_OPTIMIZATION_LEVEL = "-Owholemodule";
				VALIDATE_PRODUCT = YES;
			};
			name = Release;
		};
		61919A861E7072AE00705C6E /* Debug */ = {
			isa = XCBuildConfiguration;
			buildSettings = {
				ASSETCATALOG_COMPILER_APPICON_NAME = AppIcon;
				FRAMEWORK_SEARCH_PATHS = (
					"$(inherited)",
					"$(PROJECT_DIR)",
				);
				INFOPLIST_FILE = RealDB/Info.plist;
				LD_RUNPATH_SEARCH_PATHS = "$(inherited) @executable_path/Frameworks";
				PRODUCT_BUNDLE_IDENTIFIER = manuelmouta.RealDB;
				PRODUCT_NAME = "$(TARGET_NAME)";
				SWIFT_VERSION = 3.0;
			};
			name = Debug;
		};
		61919A871E7072AE00705C6E /* Release */ = {
			isa = XCBuildConfiguration;
			buildSettings = {
				ASSETCATALOG_COMPILER_APPICON_NAME = AppIcon;
				FRAMEWORK_SEARCH_PATHS = (
					"$(inherited)",
					"$(PROJECT_DIR)",
				);
				INFOPLIST_FILE = RealDB/Info.plist;
				LD_RUNPATH_SEARCH_PATHS = "$(inherited) @executable_path/Frameworks";
				PRODUCT_BUNDLE_IDENTIFIER = manuelmouta.RealDB;
				PRODUCT_NAME = "$(TARGET_NAME)";
				SWIFT_VERSION = 3.0;
			};
			name = Release;
		};
/* End XCBuildConfiguration section */

/* Begin XCConfigurationList section */
		61919A6E1E7072AE00705C6E /* Build configuration list for PBXProject "RealmDB" */ = {
			isa = XCConfigurationList;
			buildConfigurations = (
				61919A831E7072AE00705C6E /* Debug */,
				61919A841E7072AE00705C6E /* Release */,
			);
			defaultConfigurationIsVisible = 0;
			defaultConfigurationName = Release;
		};
		61919A851E7072AE00705C6E /* Build configuration list for PBXNativeTarget "RealmDB" */ = {
			isa = XCConfigurationList;
			buildConfigurations = (
				61919A861E7072AE00705C6E /* Debug */,
				61919A871E7072AE00705C6E /* Release */,
			);
			defaultConfigurationIsVisible = 0;
			defaultConfigurationName = Release;
		};
/* End XCConfigurationList section */
	};
	rootObject = 61919A6B1E7072AE00705C6E /* Project object */;
}
